
Microsoft Visual Studio Solution File, Format Version 12.00
# Visual Studio Version 17
VisualStudioVersion = 17.7.34003.232
MinimumVisualStudioVersion = 10.0.40219.1
Project("{FAE04EC0-301F-11D3-BF4B-00C04F79EFBC}") = "InnovateHubITM.Shared", "InnovateHubITM.Shared\InnovateHubITM.Shared.csproj", "{FBE5E0B7-AB75-4E63-BBB5-0EFA02CCEFC0}"
EndProject
Project("{FAE04EC0-301F-11D3-BF4B-00C04F79EFBC}") = "InnovateHubITM.API", "InnovateHubITM.API\InnovateHubITM.API.csproj", "{648A9BF4-0D48-40A0-AA18-51BE0280F6E1}"
EndProject
Project("{FAE04EC0-301F-11D3-BF4B-00C04F79EFBC}") = "InnovateHubITM.WEB", "InnovateHubITM.WEB\InnovateHubITM.WEB.csproj", "{877493C2-C9AE-4DB5-9C7B-682CC8FDE332}"
EndProject
Global
	GlobalSection(SolutionConfigurationPlatforms) = preSolution
		Debug|Any CPU = Debug|Any CPU
		Release|Any CPU = Release|Any CPU
	EndGlobalSection
	GlobalSection(ProjectConfigurationPlatforms) = postSolution
		{FBE5E0B7-AB75-4E63-BBB5-0EFA02CCEFC0}.Debug|Any CPU.ActiveCfg = Debug|Any CPU
		{FBE5E0B7-AB75-4E63-BBB5-0EFA02CCEFC0}.Debug|Any CPU.Build.0 = Debug|Any CPU
		{FBE5E0B7-AB75-4E63-BBB5-0EFA02CCEFC0}.Release|Any CPU.ActiveCfg = Release|Any CPU
		{FBE5E0B7-AB75-4E63-BBB5-0EFA02CCEFC0}.Release|Any CPU.Build.0 = Release|Any CPU
		{648A9BF4-0D48-40A0-AA18-51BE0280F6E1}.Debug|Any CPU.ActiveCfg = Debug|Any CPU
		{648A9BF4-0D48-40A0-AA18-51BE0280F6E1}.Debug|Any CPU.Build.0 = Debug|Any CPU
		{648A9BF4-0D48-40A0-AA18-51BE0280F6E1}.Release|Any CPU.ActiveCfg = Release|Any CPU
		{648A9BF4-0D48-40A0-AA18-51BE0280F6E1}.Release|Any CPU.Build.0 = Release|Any CPU
		{877493C2-C9AE-4DB5-9C7B-682CC8FDE332}.Debug|Any CPU.ActiveCfg = Debug|Any CPU
		{877493C2-C9AE-4DB5-9C7B-682CC8FDE332}.Debug|Any CPU.Build.0 = Debug|Any CPU
		{877493C2-C9AE-4DB5-9C7B-682CC8FDE332}.Release|Any CPU.ActiveCfg = Release|Any CPU
		{877493C2-C9AE-4DB5-9C7B-682CC8FDE332}.Release|Any CPU.Build.0 = Release|Any CPU
	EndGlobalSection
	GlobalSection(SolutionProperties) = preSolution
		HideSolutionNode = FALSE
	EndGlobalSection
	GlobalSection(ExtensibilityGlobals) = postSolution
		SolutionGuid = {1D5E7B3E-5DE6-460D-9F9D-4E3F69E65A7A}
	EndGlobalSection
EndGlobal
